
Microsoft Visual Studio Solution File, Format Version 12.00
# Visual Studio Version 17
VisualStudioVersion = 17.2.32526.322
MinimumVisualStudioVersion = 10.0.40219.1
Project("{FAE04EC0-301F-11D3-BF4B-00C04F79EFBC}") = "bigSchool-NguyenTranDau", "bigSchool-NguyenTranDau\bigSchool-NguyenTranDau.csproj", "{844DDE61-C25A-49AA-B816-45772A099886}"
EndProject
Global
	GlobalSection(SolutionConfigurationPlatforms) = preSolution
		Debug|Any CPU = Debug|Any CPU
		Release|Any CPU = Release|Any CPU
	EndGlobalSection
	GlobalSection(ProjectConfigurationPlatforms) = postSolution
		{844DDE61-C25A-49AA-B816-45772A099886}.Debug|Any CPU.ActiveCfg = Debug|Any CPU
		{844DDE61-C25A-49AA-B816-45772A099886}.Debug|Any CPU.Build.0 = Debug|Any CPU
		{844DDE61-C25A-49AA-B816-45772A099886}.Release|Any CPU.ActiveCfg = Release|Any CPU
		{844DDE61-C25A-49AA-B816-45772A099886}.Release|Any CPU.Build.0 = Release|Any CPU
	EndGlobalSection
	GlobalSection(SolutionProperties) = preSolution
		HideSolutionNode = FALSE
	EndGlobalSection
	GlobalSection(ExtensibilityGlobals) = postSolution
		SolutionGuid = {5F1832A1-1144-4F3A-8754-315FA958E240}
	EndGlobalSection
EndGlobal
